development:
  role: development
  config: data/configs/fast_iteration_subset_v3.yaml
  config_sha256: dcdde71648a6f289d66f95934c1a6bf731a31c05f666318b5cddfebaa74bbdd5
  problem_count: 6
  problems:
  - benchmark: RTLLM
    problem: Prob011_multi_16bit
  - benchmark: RTLLM
    problem: Prob019_sub_64bit
  - benchmark: RTLLM
    problem: Prob048_pe
  - benchmark: VerilogEval-Spec-to-RTL
    problem: Prob021_mux256to1v
  - benchmark: VerilogEval-Spec-to-RTL
    problem: Prob030_popcount255
  - benchmark: VerilogEval-Spec-to-RTL
    problem: Prob105_rotate100
main_screening:
  role: main_screening
  config: data/configs/hard_iteration_subset.yaml
  config_sha256: 1c5534052ed27ad3bef307b57753f493508c84f5f44b619dd81422474b8be902
  problem_count: 13
  problems:
  - benchmark: RTLLM
    problem: Prob004_adder_8bit
  - benchmark: RTLLM
    problem: Prob015_multi_pipe_8bit
  - benchmark: RTLLM
    problem: Prob024_fsm
  - benchmark: RTLLM
    problem: Prob037_parallel2serial
  - benchmark: RTLLM
    problem: Prob041_traffic_light
  - benchmark: RTLLM
    problem: Prob045_alu
  - benchmark: RTLLM
    problem: Prob049_signal_generator
  - benchmark: VerilogEval-Spec-to-RTL
    problem: Prob098_circuit7
  - benchmark: VerilogEval-Spec-to-RTL
    problem: Prob116_m2014_q3
  - benchmark: VerilogEval-Spec-to-RTL
    problem: Prob135_m2014_q6b
  - benchmark: VerilogEval-Spec-to-RTL
    problem: Prob150_review2015_fsmonehot
  - benchmark: VerilogEval-Spec-to-RTL
    problem: Prob151_review2015_fsm
  - benchmark: VerilogEval-Spec-to-RTL
    problem: Prob153_gshare
heldout_validation:
  role: heldout_validation
  config: data/configs/holdout_reference_subset.yaml
  config_sha256: 4c3cab68f5cb58a7e85c0c17204cb57a72f462138dbb3e4f271fe97620f69812
  problem_count: 10
  problems:
  - benchmark: RTLLM
    problem: Prob009_div_16bit
  - benchmark: RTLLM
    problem: Prob014_multi_pipe_4bit
  - benchmark: VerilogEval-Spec-to-RTL
    problem: Prob023_vector100r
  - benchmark: VerilogEval-Spec-to-RTL
    problem: Prob124_rule110
  - benchmark: RTLLM
    problem: Prob012_multi_8bit
  - benchmark: RTLLM
    problem: Prob043_RAM
  - benchmark: VerilogEval-Spec-to-RTL
    problem: Prob018_mux256to1
  - benchmark: VerilogEval-Spec-to-RTL
    problem: Prob068_countbcd
  - benchmark: RTLLM
    problem: Prob026_asyn_fifo
  - benchmark: RTLLM
    problem: Prob039_serial2parallel
heldout_pool:
  role: heldout_pool
  config: data/configs/holdout_reference_subset.yaml
  config_sha256: 4c3cab68f5cb58a7e85c0c17204cb57a72f462138dbb3e4f271fe97620f69812
  problem_count: 20
  problems:
  - benchmark: RTLLM
    problem: Prob009_div_16bit
  - benchmark: RTLLM
    problem: Prob012_multi_8bit
  - benchmark: RTLLM
    problem: Prob014_multi_pipe_4bit
  - benchmark: RTLLM
    problem: Prob023_up_down_counter
  - benchmark: RTLLM
    problem: Prob026_asyn_fifo
  - benchmark: RTLLM
    problem: Prob027_LIFObuffer
  - benchmark: RTLLM
    problem: Prob039_serial2parallel
  - benchmark: RTLLM
    problem: Prob042_width_8to16
  - benchmark: RTLLM
    problem: Prob043_RAM
  - benchmark: VerilogEval-Spec-to-RTL
    problem: Prob017_mux2to1v
  - benchmark: VerilogEval-Spec-to-RTL
    problem: Prob018_mux256to1
  - benchmark: VerilogEval-Spec-to-RTL
    problem: Prob023_vector100r
  - benchmark: VerilogEval-Spec-to-RTL
    problem: Prob066_edgecapture
  - benchmark: VerilogEval-Spec-to-RTL
    problem: Prob068_countbcd
  - benchmark: VerilogEval-Spec-to-RTL
    problem: Prob073_dff16e
  - benchmark: VerilogEval-Spec-to-RTL
    problem: Prob082_lfsr32
  - benchmark: VerilogEval-Spec-to-RTL
    problem: Prob097_mux9to1v
  - benchmark: VerilogEval-Spec-to-RTL
    problem: Prob118_history_shift
  - benchmark: VerilogEval-Spec-to-RTL
    problem: Prob124_rule110
  - benchmark: VerilogEval-Spec-to-RTL
    problem: Prob155_lemmings4
heldout_selection_seed: 20260618_auto_bd
